
Microsoft Visual Studio Solution File, Format Version 12.00
# Visual Studio Version 16
VisualStudioVersion = 16.0.32428.217
MinimumVisualStudioVersion = 10.0.40219.1
Project("{9A19103F-16F7-4668-BE54-9A1E7A4F7556}") = "Lab210", "Lab210.csproj", "{75C8B45F-6E40-4BBF-9AAF-4C3959B2E557}"
EndProject
Project("{9A19103F-16F7-4668-BE54-9A1E7A4F7556}") = "Lab210.DAL", "..\Lab210.DAL\Lab210.DAL.csproj", "{425E2900-CCC0-4B80-BC33-F29FFE1B85E9}"
EndProject
Project("{FAE04EC0-301F-11D3-BF4B-00C04F79EFBC}") = "Lab210.BLL", "..\Lab210.BLL\Lab210.BLL.csproj", "{9AB3B8B6-0DEA-4CE2-8222-831536F399FD}"
EndProject
Global
	GlobalSection(SolutionConfigurationPlatforms) = preSolution
		Debug|Any CPU = Debug|Any CPU
		Release|Any CPU = Release|Any CPU
	EndGlobalSection
	GlobalSection(ProjectConfigurationPlatforms) = postSolution
		{75C8B45F-6E40-4BBF-9AAF-4C3959B2E557}.Debug|Any CPU.ActiveCfg = Debug|Any CPU
		{75C8B45F-6E40-4BBF-9AAF-4C3959B2E557}.Debug|Any CPU.Build.0 = Debug|Any CPU
		{75C8B45F-6E40-4BBF-9AAF-4C3959B2E557}.Release|Any CPU.ActiveCfg = Release|Any CPU
		{75C8B45F-6E40-4BBF-9AAF-4C3959B2E557}.Release|Any CPU.Build.0 = Release|Any CPU
		{425E2900-CCC0-4B80-BC33-F29FFE1B85E9}.Debug|Any CPU.ActiveCfg = Debug|Any CPU
		{425E2900-CCC0-4B80-BC33-F29FFE1B85E9}.Debug|Any CPU.Build.0 = Debug|Any CPU
		{425E2900-CCC0-4B80-BC33-F29FFE1B85E9}.Release|Any CPU.ActiveCfg = Release|Any CPU
		{425E2900-CCC0-4B80-BC33-F29FFE1B85E9}.Release|Any CPU.Build.0 = Release|Any CPU
		{9AB3B8B6-0DEA-4CE2-8222-831536F399FD}.Debug|Any CPU.ActiveCfg = Debug|Any CPU
		{9AB3B8B6-0DEA-4CE2-8222-831536F399FD}.Debug|Any CPU.Build.0 = Debug|Any CPU
		{9AB3B8B6-0DEA-4CE2-8222-831536F399FD}.Release|Any CPU.ActiveCfg = Release|Any CPU
		{9AB3B8B6-0DEA-4CE2-8222-831536F399FD}.Release|Any CPU.Build.0 = Release|Any CPU
	EndGlobalSection
	GlobalSection(SolutionProperties) = preSolution
		HideSolutionNode = FALSE
	EndGlobalSection
	GlobalSection(ExtensibilityGlobals) = postSolution
		SolutionGuid = {8AF64C10-CFD4-47D2-B726-8DC0FE9A01CC}
	EndGlobalSection
EndGlobal
